// !$*UTF8*$!
{
	archiveVersion = 1;
	classes = {
	};
	objectVersion = 46;
	objects = {

/* Begin PBXBuildFile section */
		63CCC8381B8EE50B003E593E /* AppDelegate.swift in Sources */ = {isa = PBXBuildFile; fileRef = 63CCC8371B8EE50B003E593E /* AppDelegate.swift */; };
		63CCC83A1B8EE50B003E593E /* ViewController.swift in Sources */ = {isa = PBXBuildFile; fileRef = 63CCC8391B8EE50B003E593E /* ViewController.swift */; };
		63CCC83D1B8EE50B003E593E /* Main.storyboard in Resources */ = {isa = PBXBuildFile; fileRef = 63CCC83B1B8EE50B003E593E /* Main.storyboard */; };
		63CCC83F1B8EE50B003E593E /* Images.xcassets in Resources */ = {isa = PBXBuildFile; fileRef = 63CCC83E1B8EE50B003E593E /* Images.xcassets */; };
		63CCC8421B8EE50B003E593E /* LaunchScreen.xib in Resources */ = {isa = PBXBuildFile; fileRef = 63CCC8401B8EE50B003E593E /* LaunchScreen.xib */; };
		63CCC84E1B8EE50B003E593E /* TheBullsEyeTests.swift in Sources */ = {isa = PBXBuildFile; fileRef = 63CCC84D1B8EE50B003E593E /* TheBullsEyeTests.swift */; };
/* End PBXBuildFile section */

/* Begin PBXContainerItemProxy section */
		63CCC8481B8EE50B003E593E /* PBXContainerItemProxy */ = {
			isa = PBXContainerItemProxy;
			containerPortal = 63CCC82A1B8EE50B003E593E /* Project object */;
			proxyType = 1;
			remoteGlobalIDString = 63CCC8311B8EE50B003E593E;
			remoteInfo = TheBullsEye;
		};
/* End PBXContainerItemProxy section */

/* Begin PBXFileReference section */
		63CCC8321B8EE50B003E593E /* TheBullsEye.app */ = {isa = PBXFileReference; explicitFileType = wrapper.application; includeInIndex = 0; path = TheBullsEye.app; sourceTree = BUILT_PRODUCTS_DIR; };
		63CCC8361B8EE50B003E593E /* Info.plist */ = {isa = PBXFileReference; lastKnownFileType = text.plist.xml; path = Info.plist; sourceTree = "<group>"; };
		63CCC8371B8EE50B003E593E /* AppDelegate.swift */ = {isa = PBXFileReference; lastKnownFileType = sourcecode.swift; path = AppDelegate.swift; sourceTree = "<group>"; };
		63CCC8391B8EE50B003E593E /* ViewController.swift */ = {isa = PBXFileReference; lastKnownFileType = sourcecode.swift; path = ViewController.swift; sourceTree = "<group>"; };
		63CCC83C1B8EE50B003E593E /* Base */ = {isa = PBXFileReference; lastKnownFileType = file.storyboard; name = Base; path = Base.lproj/Main.storyboard; sourceTree = "<group>"; };
		63CCC83E1B8EE50B003E593E /* Images.xcassets */ = {isa = PBXFileReference; lastKnownFileType = folder.assetcatalog; path = Images.xcassets; sourceTree = "<group>"; };
		63CCC8411B8EE50B003E593E /* Base */ = {isa = PBXFileReference; lastKnownFileType = file.xib; name = Base; path = Base.lproj/LaunchScreen.xib; sourceTree = "<group>"; };
		63CCC8471B8EE50B003E593E /* TheBullsEyeTests.xctest */ = {isa = PBXFileReference; explicitFileType = wrapper.cfbundle; includeInIndex = 0; path = TheBullsEyeTests.xctest; sourceTree = BUILT_PRODUCTS_DIR; };
		63CCC84C1B8EE50B003E593E /* Info.plist */ = {isa = PBXFileReference; lastKnownFileType = text.plist.xml; path = Info.plist; sourceTree = "<group>"; };
		63CCC84D1B8EE50B003E593E /* TheBullsEyeTests.swift */ = {isa = PBXFileReference; lastKnownFileType = sourcecode.swift; path = TheBullsEyeTests.swift; sourceTree = "<group>"; };
/* End PBXFileReference section */

/* Begin PBXFrameworksBuildPhase section */
		63CCC82F1B8EE50B003E593E /* Frameworks */ = {
			isa = PBXFrameworksBuildPhase;
			buildActionMask = 2147483647;
			files = (
			);
			runOnlyForDeploymentPostprocessing = 0;
		};
		63CCC8441B8EE50B003E593E /* Frameworks */ = {
			isa = PBXFrameworksBuildPhase;
			buildActionMask = 2147483647;
			files = (
			);
			runOnlyForDeploymentPostprocessing = 0;
		};
/* End PBXFrameworksBuildPhase section */

/* Begin PBXGroup section */
		63CCC8291B8EE50B003E593E = {
			isa = PBXGroup;
			children = (
				63CCC8341B8EE50B003E593E /* TheBullsEye */,
				63CCC84A1B8EE50B003E593E /* TheBullsEyeTests */,
				63CCC8331B8EE50B003E593E /* Products */,
			);
			sourceTree = "<group>";
		};
		63CCC8331B8EE50B003E593E /* Products */ = {
			isa = PBXGroup;
			children = (
				63CCC8321B8EE50B003E593E /* TheBullsEye.app */,
				63CCC8471B8EE50B003E593E /* TheBullsEyeTests.xctest */,
			);
			name = Products;
			sourceTree = "<group>";
		};
		63CCC8341B8EE50B003E593E /* TheBullsEye */ = {
			isa = PBXGroup;
			children = (
				63CCC8371B8EE50B003E593E /* AppDelegate.swift */,
				63CCC8391B8EE50B003E593E /* ViewController.swift */,
				63CCC83B1B8EE50B003E593E /* Main.storyboard */,
				63CCC83E1B8EE50B003E593E /* Images.xcassets */,
				63CCC8401B8EE50B003E593E /* LaunchScreen.xib */,
				63CCC8351B8EE50B003E593E /* Supporting Files */,
			);
			path = TheBullsEye;
			sourceTree = "<group>";
		};
		63CCC8351B8EE50B003E593E /* Supporting Files */ = {
			isa = PBXGroup;
			children = (
				63CCC8361B8EE50B003E593E /* Info.plist */,
			);
			name = "Supporting Files";
			sourceTree = "<group>";
		};
		63CCC84A1B8EE50B003E593E /* TheBullsEyeTests */ = {
			isa = PBXGroup;
			children = (
				63CCC84D1B8EE50B003E593E /* TheBullsEyeTests.swift */,
				63CCC84B1B8EE50B003E593E /* Supporting Files */,
			);
			path = TheBullsEyeTests;
			sourceTree = "<group>";
		};
		63CCC84B1B8EE50B003E593E /* Supporting Files */ = {
			isa = PBXGroup;
			children = (
				63CCC84C1B8EE50B003E593E /* Info.plist */,
			);
			name = "Supporting Files";
			sourceTree = "<group>";
		};
/* End PBXGroup section */

/* Begin PBXNativeTarget section */
		63CCC8311B8EE50B003E593E /* TheBullsEye */ = {
			isa = PBXNativeTarget;
			buildConfigurationList = 63CCC8511B8EE50B003E593E /* Build configuration list for PBXNativeTarget "TheBullsEye" */;
			buildPhases = (
				63CCC82E1B8EE50B003E593E /* Sources */,
				63CCC82F1B8EE50B003E593E /* Frameworks */,
				63CCC8301B8EE50B003E593E /* Resources */,
			);
			buildRules = (
			);
			dependencies = (
			);
			name = TheBullsEye;
			productName = TheBullsEye;
			productReference = 63CCC8321B8EE50B003E593E /* TheBullsEye.app */;
			productType = "com.apple.product-type.application";
		};
		63CCC8461B8EE50B003E593E /* TheBullsEyeTests */ = {
			isa = PBXNativeTarget;
			buildConfigurationList = 63CCC8541B8EE50B003E593E /* Build configuration list for PBXNativeTarget "TheBullsEyeTests" */;
			buildPhases = (
				63CCC8431B8EE50B003E593E /* Sources */,
				63CCC8441B8EE50B003E593E /* Frameworks */,
				63CCC8451B8EE50B003E593E /* Resources */,
			);
			buildRules = (
			);
			dependencies = (
				63CCC8491B8EE50B003E593E /* PBXTargetDependency */,
			);
			name = TheBullsEyeTests;
			productName = TheBullsEyeTests;
			productReference = 63CCC8471B8EE50B003E593E /* TheBullsEyeTests.xctest */;
			productType = "com.apple.product-type.bundle.unit-test";
		};
/* End PBXNativeTarget section */

/* Begin PBXProject section */
		63CCC82A1B8EE50B003E593E /* Project object */ = {
			isa = PBXProject;
			attributes = {
				LastUpgradeCheck = 0640;
				ORGANIZATIONNAME = Chauncey;
				TargetAttributes = {
					63CCC8311B8EE50B003E593E = {
						CreatedOnToolsVersion = 6.4;
					};
					63CCC8461B8EE50B003E593E = {
						CreatedOnToolsVersion = 6.4;
						TestTargetID = 63CCC8311B8EE50B003E593E;
					};
				};
			};
			buildConfigurationList = 63CCC82D1B8EE50B003E593E /* Build configuration list for PBXProject "TheBullsEye" */;
			compatibilityVersion = "Xcode 3.2";
			developmentRegion = English;
			hasScannedForEncodings = 0;
			knownRegions = (
				en,
				Base,
			);
			mainGroup = 63CCC8291B8EE50B003E593E;
			productRefGroup = 63CCC8331B8EE50B003E593E /* Products */;
			projectDirPath = "";
			projectRoot = "";
			targets = (
				63CCC8311B8EE50B003E593E /* TheBullsEye */,
				63CCC8461B8EE50B003E593E /* TheBullsEyeTests */,
			);
		};
/* End PBXProject section */

/* Begin PBXResourcesBuildPhase section */
		63CCC8301B8EE50B003E593E /* Resources */ = {
			isa = PBXResourcesBuildPhase;
			buildActionMask = 2147483647;
			files = (
				63CCC83D1B8EE50B003E593E /* Main.storyboard in Resources */,
				63CCC8421B8EE50B003E593E /* LaunchScreen.xib in Resources */,
				63CCC83F1B8EE50B003E593E /* Images.xcassets in Resources */,
			);
			runOnlyForDeploymentPostprocessing = 0;
		};
		63CCC8451B8EE50B003E593E /* Resources */ = {
			isa = PBXResourcesBuildPhase;
			buildActionMask = 2147483647;
			files = (
			);
			runOnlyForDeploymentPostprocessing = 0;
		};
/* End PBXResourcesBuildPhase section */

/* Begin PBXSourcesBuildPhase section */
		63CCC82E1B8EE50B003E593E /* Sources */ = {
			isa = PBXSourcesBuildPhase;
			buildActionMask = 2147483647;
			files = (
				63CCC83A1B8EE50B003E593E /* ViewController.swift in Sources */,
				63CCC8381B8EE50B003E593E /* AppDelegate.swift in Sources */,
			);
			runOnlyForDeploymentPostprocessing = 0;
		};
		63CCC8431B8EE50B003E593E /* Sources */ = {
			isa = PBXSourcesBuildPhase;
			buildActionMask = 2147483647;
			files = (
				63CCC84E1B8EE50B003E593E /* TheBullsEyeTests.swift in Sources */,
			);
			runOnlyForDeploymentPostprocessing = 0;
		};
/* End PBXSourcesBuildPhase section */

/* Begin PBXTargetDependency section */
		63CCC8491B8EE50B003E593E /* PBXTargetDependency */ = {
			isa = PBXTargetDependency;
			target = 63CCC8311B8EE50B003E593E /* TheBullsEye */;
			targetProxy = 63CCC8481B8EE50B003E593E /* PBXContainerItemProxy */;
		};
/* End PBXTargetDependency section */

/* Begin PBXVariantGroup section */
		63CCC83B1B8EE50B003E593E /* Main.storyboard */ = {
			isa = PBXVariantGroup;
			children = (
				63CCC83C1B8EE50B003E593E /* Base */,
			);
			name = Main.storyboard;
			sourceTree = "<group>";
		};
		63CCC8401B8EE50B003E593E /* LaunchScreen.xib */ = {
			isa = PBXVariantGroup;
			children = (
				63CCC8411B8EE50B003E593E /* Base */,
			);
			name = LaunchScreen.xib;
			sourceTree = "<group>";
		};
/* End PBXVariantGroup section */

/* Begin XCBuildConfiguration section */
		63CCC84F1B8EE50B003E593E /* Debug */ = {
			isa = XCBuildConfiguration;
			buildSettings = {
				ALWAYS_SEARCH_USER_PATHS = NO;
				CLANG_CXX_LANGUAGE_STANDARD = "gnu++0x";
				CLANG_CXX_LIBRARY = "libc++";
				CLANG_ENABLE_MODULES = YES;
				CLANG_ENABLE_OBJC_ARC = YES;
				CLANG_WARN_BOOL_CONVERSION = YES;
				CLANG_WARN_CONSTANT_CONVERSION = YES;
				CLANG_WARN_DIRECT_OBJC_ISA_USAGE = YES_ERROR;
				CLANG_WARN_EMPTY_BODY = YES;
				CLANG_WARN_ENUM_CONVERSION = YES;
				CLANG_WARN_INT_CONVERSION = YES;
				CLANG_WARN_OBJC_ROOT_CLASS = YES_ERROR;
				CLANG_WARN_UNREACHABLE_CODE = YES;
				CLANG_WARN__DUPLICATE_METHOD_MATCH = YES;
				"CODE_SIGN_IDENTITY[sdk=iphoneos*]" = "iPhone Developer";
				COPY_PHASE_STRIP = NO;
				DEBUG_INFORMATION_FORMAT = "dwarf-with-dsym";
				ENABLE_STRICT_OBJC_MSGSEND = YES;
				GCC_C_LANGUAGE_STANDARD = gnu99;
				GCC_DYNAMIC_NO_PIC = NO;
				GCC_NO_COMMON_BLOCKS = YES;
				GCC_OPTIMIZATION_LEVEL = 0;
				GCC_PREPROCESSOR_DEFINITIONS = (
					"DEBUG=1",
					"$(inherited)",
				);
				GCC_SYMBOLS_PRIVATE_EXTERN = NO;
				GCC_WARN_64_TO_32_BIT_CONVERSION = YES;
				GCC_WARN_ABOUT_RETURN_TYPE = YES_ERROR;
				GCC_WARN_UNDECLARED_SELECTOR = YES;
				GCC_WARN_UNINITIALIZED_AUTOS = YES_AGGRESSIVE;
				GCC_WARN_UNUSED_FUNCTION = YES;
				GCC_WARN_UNUSED_VARIABLE = YES;
				IPHONEOS_DEPLOYMENT_TARGET = 8.4;
				MTL_ENABLE_DEBUG_INFO = YES;
				ONLY_ACTIVE_ARCH = YES;
				SDKROOT = iphoneos;
				SWIFT_OPTIMIZATION_LEVEL = "-Onone";
				TARGETED_DEVICE_FAMILY = "1,2";
			};
			name = Debug;
		};
		63CCC8501B8EE50B003E593E /* Release */ = {
			isa = XCBuildConfiguration;
			buildSettings = {
				ALWAYS_SEARCH_USER_PATHS = NO;
				CLANG_CXX_LANGUAGE_STANDARD = "gnu++0x";
				CLANG_CXX_LIBRARY = "libc++";
				CLANG_ENABLE_MODULES = YES;
				CLANG_ENABLE_OBJC_ARC = YES;
				CLANG_WARN_BOOL_CONVERSION = YES;
				CLANG_WARN_CONSTANT_CONVERSION = YES;
				CLANG_WARN_DIRECT_OBJC_ISA_USAGE = YES_ERROR;
				CLANG_WARN_EMPTY_BODY = YES;
				CLANG_WARN_ENUM_CONVERSION = YES;
				CLANG_WARN_INT_CONVERSION = YES;
				CLANG_WARN_OBJC_ROOT_CLASS = YES_ERROR;
				CLANG_WARN_UNREACHABLE_CODE = YES;
				CLANG_WARN__DUPLICATE_METHOD_MATCH = YES;
				"CODE_SIGN_IDENTITY[sdk=iphoneos*]" = "iPhone Developer";
				COPY_PHASE_STRIP = NO;
				DEBUG_INFORMATION_FORMAT = "dwarf-with-dsym";
				ENABLE_NS_ASSERTIONS = NO;
				ENABLE_STRICT_OBJC_MSGSEND = YES;
				GCC_C_LANGUAGE_STANDARD = gnu99;
				GCC_NO_COMMON_BLOCKS = YES;
				GCC_WARN_64_TO_32_BIT_CONVERSION = YES;
				GCC_WARN_ABOUT_RETURN_TYPE = YES_ERROR;
				GCC_WARN_UNDECLARED_SELECTOR = YES;
				GCC_WARN_UNINITIALIZED_AUTOS = YES_AGGRESSIVE;
				GCC_WARN_UNUSED_FUNCTION = YES;
				GCC_WARN_UNUSED_VARIABLE = YES;
				IPHONEOS_DEPLOYMENT_TARGET = 8.4;
				MTL_ENABLE_DEBUG_INFO = NO;
				SDKROOT = iphoneos;
				TARGETED_DEVICE_FAMILY = "1,2";
				VALIDATE_PRODUCT = YES;
			};
			name = Release;
		};
		63CCC8521B8EE50B003E593E /* Debug */ = {
			isa = XCBuildConfiguration;
			buildSettings = {
				ASSETCATALOG_COMPILER_APPICON_NAME = AppIcon;
				CODE_SIGN_IDENTITY = "iPhone Developer: quanlan huang (Q273WKP52R)";
				INFOPLIST_FILE = TheBullsEye/Info.plist;
				LD_RUNPATH_SEARCH_PATHS = "$(inherited) @executable_path/Frameworks";
				PRODUCT_NAME = "$(TARGET_NAME)";
				PROVISIONING_PROFILE = "55586909-be04-438c-8ea9-c77a9e3ace69";
			};
			name = Debug;
		};
		63CCC8531B8EE50B003E593E /* Release */ = {
			isa = XCBuildConfiguration;
			buildSettings = {
				ASSETCATALOG_COMPILER_APPICON_NAME = AppIcon;
				CODE_SIGN_IDENTITY = "iPhone Developer: quanlan huang (Q273WKP52R)";
				INFOPLIST_FILE = TheBullsEye/Info.plist;
				LD_RUNPATH_SEARCH_PATHS = "$(inherited) @executable_path/Frameworks";
				PRODUCT_NAME = "$(TARGET_NAME)";
				PROVISIONING_PROFILE = "55586909-be04-438c-8ea9-c77a9e3ace69";
			};
			name = Release;
		};
		63CCC8551B8EE50B003E593E /* Debug */ = {
			isa = XCBuildConfiguration;
			buildSettings = {
				BUNDLE_LOADER = "$(TEST_HOST)";
				FRAMEWORK_SEARCH_PATHS = (
					"$(SDKROOT)/Developer/Library/Frameworks",
					"$(inherited)",
				);
				GCC_PREPROCESSOR_DEFINITIONS = (
					"DEBUG=1",
					"$(inherited)",
				);
				INFOPLIST_FILE = TheBullsEyeTests/Info.plist;
				LD_RUNPATH_SEARCH_PATHS = "$(inherited) @executable_path/Frameworks @loader_path/Frameworks";
				PRODUCT_NAME = "$(TARGET_NAME)";
				TEST_HOST = "$(BUILT_PRODUCTS_DIR)/TheBullsEye.app/TheBullsEye";
			};
			name = Debug;
		};
		63CCC8561B8EE50B003E593E /* Release */ = {
			isa = XCBuildConfiguration;
			buildSettings = {
				BUNDLE_LOADER = "$(TEST_HOST)";
				FRAMEWORK_SEARCH_PATHS = (
					"$(SDKROOT)/Developer/Library/Frameworks",
					"$(inherited)",
				);
				INFOPLIST_FILE = TheBullsEyeTests/Info.plist;
				LD_RUNPATH_SEARCH_PATHS = "$(inherited) @executable_path/Frameworks @loader_path/Frameworks";
				PRODUCT_NAME = "$(TARGET_NAME)";
				TEST_HOST = "$(BUILT_PRODUCTS_DIR)/TheBullsEye.app/TheBullsEye";
			};
			name = Release;
		};
/* End XCBuildConfiguration section */

/* Begin XCConfigurationList section */
		63CCC82D1B8EE50B003E593E /* Build configuration list for PBXProject "TheBullsEye" */ = {
			isa = XCConfigurationList;
			buildConfigurations = (
				63CCC84F1B8EE50B003E593E /* Debug */,
				63CCC8501B8EE50B003E593E /* Release */,
			);
			defaultConfigurationIsVisible = 0;
			defaultConfigurationName = Release;
		};
		63CCC8511B8EE50B003E593E /* Build configuration list for PBXNativeTarget "TheBullsEye" */ = {
			isa = XCConfigurationList;
			buildConfigurations = (
				63CCC8521B8EE50B003E593E /* Debug */,
				63CCC8531B8EE50B003E593E /* Release */,
			);
			defaultConfigurationIsVisible = 0;
		};
		63CCC8541B8EE50B003E593E /* Build configuration list for PBXNativeTarget "TheBullsEyeTests" */ = {
			isa = XCConfigurationList;
			buildConfigurations = (
				63CCC8551B8EE50B003E593E /* Debug */,
				63CCC8561B8EE50B003E593E /* Release */,
			);
			defaultConfigurationIsVisible = 0;
		};
/* End XCConfigurationList section */
	};
	rootObject = 63CCC82A1B8EE50B003E593E /* Project object */;
}
