// !$*UTF8*$!
{
	archiveVersion = 1;
	classes = {
	};
	objectVersion = 46;
	objects = {

/* Begin PBXBuildFile section */
		630BB0381B76F8E00071A0AA /* main.m in Sources */ = {isa = PBXBuildFile; fileRef = 630BB0371B76F8E00071A0AA /* main.m */; };
		630BB03B1B76F8E00071A0AA /* AppDelegate.m in Sources */ = {isa = PBXBuildFile; fileRef = 630BB03A1B76F8E00071A0AA /* AppDelegate.m */; };
		630BB0411B76F8E00071A0AA /* Main.storyboard in Resources */ = {isa = PBXBuildFile; fileRef = 630BB03F1B76F8E00071A0AA /* Main.storyboard */; };
		630BB0431B76F8E00071A0AA /* Images.xcassets in Resources */ = {isa = PBXBuildFile; fileRef = 630BB0421B76F8E00071A0AA /* Images.xcassets */; };
		630BB0461B76F8E00071A0AA /* LaunchScreen.xib in Resources */ = {isa = PBXBuildFile; fileRef = 630BB0441B76F8E00071A0AA /* LaunchScreen.xib */; };
		630BB0521B76F8E00071A0AA /* ToDoListTests.m in Sources */ = {isa = PBXBuildFile; fileRef = 630BB0511B76F8E00071A0AA /* ToDoListTests.m */; };
		630BB05D1B7787030071A0AA /* ToDoListTableViewController.m in Sources */ = {isa = PBXBuildFile; fileRef = 630BB05C1B7787030071A0AA /* ToDoListTableViewController.m */; };
		637599801B8ADA0000A407AF /* ToDoItem.m in Sources */ = {isa = PBXBuildFile; fileRef = 6375997F1B8ADA0000A407AF /* ToDoItem.m */; };
		637599831B8AF0FA00A407AF /* AddToDoItemViewController.m in Sources */ = {isa = PBXBuildFile; fileRef = 637599821B8AF0FA00A407AF /* AddToDoItemViewController.m */; };
/* End PBXBuildFile section */

/* Begin PBXContainerItemProxy section */
		630BB04C1B76F8E00071A0AA /* PBXContainerItemProxy */ = {
			isa = PBXContainerItemProxy;
			containerPortal = 630BB02A1B76F8E00071A0AA /* Project object */;
			proxyType = 1;
			remoteGlobalIDString = 630BB0311B76F8E00071A0AA;
			remoteInfo = ToDoList;
		};
/* End PBXContainerItemProxy section */

/* Begin PBXFileReference section */
		630BB0321B76F8E00071A0AA /* ToDoList.app */ = {isa = PBXFileReference; explicitFileType = wrapper.application; includeInIndex = 0; path = ToDoList.app; sourceTree = BUILT_PRODUCTS_DIR; };
		630BB0361B76F8E00071A0AA /* Info.plist */ = {isa = PBXFileReference; lastKnownFileType = text.plist.xml; path = Info.plist; sourceTree = "<group>"; };
		630BB0371B76F8E00071A0AA /* main.m */ = {isa = PBXFileReference; lastKnownFileType = sourcecode.c.objc; path = main.m; sourceTree = "<group>"; };
		630BB0391B76F8E00071A0AA /* AppDelegate.h */ = {isa = PBXFileReference; lastKnownFileType = sourcecode.c.h; path = AppDelegate.h; sourceTree = "<group>"; };
		630BB03A1B76F8E00071A0AA /* AppDelegate.m */ = {isa = PBXFileReference; lastKnownFileType = sourcecode.c.objc; path = AppDelegate.m; sourceTree = "<group>"; };
		630BB0401B76F8E00071A0AA /* Base */ = {isa = PBXFileReference; lastKnownFileType = file.storyboard; name = Base; path = Base.lproj/Main.storyboard; sourceTree = "<group>"; };
		630BB0421B76F8E00071A0AA /* Images.xcassets */ = {isa = PBXFileReference; lastKnownFileType = folder.assetcatalog; path = Images.xcassets; sourceTree = "<group>"; };
		630BB0451B76F8E00071A0AA /* Base */ = {isa = PBXFileReference; lastKnownFileType = file.xib; name = Base; path = Base.lproj/LaunchScreen.xib; sourceTree = "<group>"; };
		630BB04B1B76F8E00071A0AA /* ToDoListTests.xctest */ = {isa = PBXFileReference; explicitFileType = wrapper.cfbundle; includeInIndex = 0; path = ToDoListTests.xctest; sourceTree = BUILT_PRODUCTS_DIR; };
		630BB0501B76F8E00071A0AA /* Info.plist */ = {isa = PBXFileReference; lastKnownFileType = text.plist.xml; path = Info.plist; sourceTree = "<group>"; };
		630BB0511B76F8E00071A0AA /* ToDoListTests.m */ = {isa = PBXFileReference; lastKnownFileType = sourcecode.c.objc; path = ToDoListTests.m; sourceTree = "<group>"; };
		630BB05B1B7787030071A0AA /* ToDoListTableViewController.h */ = {isa = PBXFileReference; fileEncoding = 4; lastKnownFileType = sourcecode.c.h; path = ToDoListTableViewController.h; sourceTree = "<group>"; };
		630BB05C1B7787030071A0AA /* ToDoListTableViewController.m */ = {isa = PBXFileReference; fileEncoding = 4; lastKnownFileType = sourcecode.c.objc; path = ToDoListTableViewController.m; sourceTree = "<group>"; };
		6375997E1B8ADA0000A407AF /* ToDoItem.h */ = {isa = PBXFileReference; fileEncoding = 4; lastKnownFileType = sourcecode.c.h; path = ToDoItem.h; sourceTree = "<group>"; };
		6375997F1B8ADA0000A407AF /* ToDoItem.m */ = {isa = PBXFileReference; fileEncoding = 4; lastKnownFileType = sourcecode.c.objc; path = ToDoItem.m; sourceTree = "<group>"; };
		637599811B8AF0FA00A407AF /* AddToDoItemViewController.h */ = {isa = PBXFileReference; fileEncoding = 4; lastKnownFileType = sourcecode.c.h; path = AddToDoItemViewController.h; sourceTree = "<group>"; };
		637599821B8AF0FA00A407AF /* AddToDoItemViewController.m */ = {isa = PBXFileReference; fileEncoding = 4; lastKnownFileType = sourcecode.c.objc; path = AddToDoItemViewController.m; sourceTree = "<group>"; };
/* End PBXFileReference section */

/* Begin PBXFrameworksBuildPhase section */
		630BB02F1B76F8E00071A0AA /* Frameworks */ = {
			isa = PBXFrameworksBuildPhase;
			buildActionMask = 2147483647;
			files = (
			);
			runOnlyForDeploymentPostprocessing = 0;
		};
		630BB0481B76F8E00071A0AA /* Frameworks */ = {
			isa = PBXFrameworksBuildPhase;
			buildActionMask = 2147483647;
			files = (
			);
			runOnlyForDeploymentPostprocessing = 0;
		};
/* End PBXFrameworksBuildPhase section */

/* Begin PBXGroup section */
		630BB0291B76F8E00071A0AA = {
			isa = PBXGroup;
			children = (
				630BB0341B76F8E00071A0AA /* ToDoList */,
				630BB04E1B76F8E00071A0AA /* ToDoListTests */,
				630BB0331B76F8E00071A0AA /* Products */,
			);
			sourceTree = "<group>";
		};
		630BB0331B76F8E00071A0AA /* Products */ = {
			isa = PBXGroup;
			children = (
				630BB0321B76F8E00071A0AA /* ToDoList.app */,
				630BB04B1B76F8E00071A0AA /* ToDoListTests.xctest */,
			);
			name = Products;
			sourceTree = "<group>";
		};
		630BB0341B76F8E00071A0AA /* ToDoList */ = {
			isa = PBXGroup;
			children = (
				630BB0391B76F8E00071A0AA /* AppDelegate.h */,
				630BB03A1B76F8E00071A0AA /* AppDelegate.m */,
				630BB03F1B76F8E00071A0AA /* Main.storyboard */,
				630BB05B1B7787030071A0AA /* ToDoListTableViewController.h */,
				630BB05C1B7787030071A0AA /* ToDoListTableViewController.m */,
				630BB0421B76F8E00071A0AA /* Images.xcassets */,
				630BB0441B76F8E00071A0AA /* LaunchScreen.xib */,
				630BB0351B76F8E00071A0AA /* Supporting Files */,
				6375997E1B8ADA0000A407AF /* ToDoItem.h */,
				6375997F1B8ADA0000A407AF /* ToDoItem.m */,
				637599811B8AF0FA00A407AF /* AddToDoItemViewController.h */,
				637599821B8AF0FA00A407AF /* AddToDoItemViewController.m */,
			);
			path = ToDoList;
			sourceTree = "<group>";
		};
		630BB0351B76F8E00071A0AA /* Supporting Files */ = {
			isa = PBXGroup;
			children = (
				630BB0361B76F8E00071A0AA /* Info.plist */,
				630BB0371B76F8E00071A0AA /* main.m */,
			);
			name = "Supporting Files";
			sourceTree = "<group>";
		};
		630BB04E1B76F8E00071A0AA /* ToDoListTests */ = {
			isa = PBXGroup;
			children = (
				630BB0511B76F8E00071A0AA /* ToDoListTests.m */,
				630BB04F1B76F8E00071A0AA /* Supporting Files */,
			);
			path = ToDoListTests;
			sourceTree = "<group>";
		};
		630BB04F1B76F8E00071A0AA /* Supporting Files */ = {
			isa = PBXGroup;
			children = (
				630BB0501B76F8E00071A0AA /* Info.plist */,
			);
			name = "Supporting Files";
			sourceTree = "<group>";
		};
/* End PBXGroup section */

/* Begin PBXNativeTarget section */
		630BB0311B76F8E00071A0AA /* ToDoList */ = {
			isa = PBXNativeTarget;
			buildConfigurationList = 630BB0551B76F8E00071A0AA /* Build configuration list for PBXNativeTarget "ToDoList" */;
			buildPhases = (
				630BB02E1B76F8E00071A0AA /* Sources */,
				630BB02F1B76F8E00071A0AA /* Frameworks */,
				630BB0301B76F8E00071A0AA /* Resources */,
			);
			buildRules = (
			);
			dependencies = (
			);
			name = ToDoList;
			productName = ToDoList;
			productReference = 630BB0321B76F8E00071A0AA /* ToDoList.app */;
			productType = "com.apple.product-type.application";
		};
		630BB04A1B76F8E00071A0AA /* ToDoListTests */ = {
			isa = PBXNativeTarget;
			buildConfigurationList = 630BB0581B76F8E00071A0AA /* Build configuration list for PBXNativeTarget "ToDoListTests" */;
			buildPhases = (
				630BB0471B76F8E00071A0AA /* Sources */,
				630BB0481B76F8E00071A0AA /* Frameworks */,
				630BB0491B76F8E00071A0AA /* Resources */,
			);
			buildRules = (
			);
			dependencies = (
				630BB04D1B76F8E00071A0AA /* PBXTargetDependency */,
			);
			name = ToDoListTests;
			productName = ToDoListTests;
			productReference = 630BB04B1B76F8E00071A0AA /* ToDoListTests.xctest */;
			productType = "com.apple.product-type.bundle.unit-test";
		};
/* End PBXNativeTarget section */

/* Begin PBXProject section */
		630BB02A1B76F8E00071A0AA /* Project object */ = {
			isa = PBXProject;
			attributes = {
				LastUpgradeCheck = 0630;
				ORGANIZATIONNAME = Chauncey;
				TargetAttributes = {
					630BB0311B76F8E00071A0AA = {
						CreatedOnToolsVersion = 6.3.1;
					};
					630BB04A1B76F8E00071A0AA = {
						CreatedOnToolsVersion = 6.3.1;
						TestTargetID = 630BB0311B76F8E00071A0AA;
					};
				};
			};
			buildConfigurationList = 630BB02D1B76F8E00071A0AA /* Build configuration list for PBXProject "ToDoList" */;
			compatibilityVersion = "Xcode 3.2";
			developmentRegion = English;
			hasScannedForEncodings = 0;
			knownRegions = (
				en,
				Base,
			);
			mainGroup = 630BB0291B76F8E00071A0AA;
			productRefGroup = 630BB0331B76F8E00071A0AA /* Products */;
			projectDirPath = "";
			projectRoot = "";
			targets = (
				630BB0311B76F8E00071A0AA /* ToDoList */,
				630BB04A1B76F8E00071A0AA /* ToDoListTests */,
			);
		};
/* End PBXProject section */

/* Begin PBXResourcesBuildPhase section */
		630BB0301B76F8E00071A0AA /* Resources */ = {
			isa = PBXResourcesBuildPhase;
			buildActionMask = 2147483647;
			files = (
				630BB0411B76F8E00071A0AA /* Main.storyboard in Resources */,
				630BB0461B76F8E00071A0AA /* LaunchScreen.xib in Resources */,
				630BB0431B76F8E00071A0AA /* Images.xcassets in Resources */,
			);
			runOnlyForDeploymentPostprocessing = 0;
		};
		630BB0491B76F8E00071A0AA /* Resources */ = {
			isa = PBXResourcesBuildPhase;
			buildActionMask = 2147483647;
			files = (
			);
			runOnlyForDeploymentPostprocessing = 0;
		};
/* End PBXResourcesBuildPhase section */

/* Begin PBXSourcesBuildPhase section */
		630BB02E1B76F8E00071A0AA /* Sources */ = {
			isa = PBXSourcesBuildPhase;
			buildActionMask = 2147483647;
			files = (
				630BB05D1B7787030071A0AA /* ToDoListTableViewController.m in Sources */,
				637599831B8AF0FA00A407AF /* AddToDoItemViewController.m in Sources */,
				630BB03B1B76F8E00071A0AA /* AppDelegate.m in Sources */,
				637599801B8ADA0000A407AF /* ToDoItem.m in Sources */,
				630BB0381B76F8E00071A0AA /* main.m in Sources */,
			);
			runOnlyForDeploymentPostprocessing = 0;
		};
		630BB0471B76F8E00071A0AA /* Sources */ = {
			isa = PBXSourcesBuildPhase;
			buildActionMask = 2147483647;
			files = (
				630BB0521B76F8E00071A0AA /* ToDoListTests.m in Sources */,
			);
			runOnlyForDeploymentPostprocessing = 0;
		};
/* End PBXSourcesBuildPhase section */

/* Begin PBXTargetDependency section */
		630BB04D1B76F8E00071A0AA /* PBXTargetDependency */ = {
			isa = PBXTargetDependency;
			target = 630BB0311B76F8E00071A0AA /* ToDoList */;
			targetProxy = 630BB04C1B76F8E00071A0AA /* PBXContainerItemProxy */;
		};
/* End PBXTargetDependency section */

/* Begin PBXVariantGroup section */
		630BB03F1B76F8E00071A0AA /* Main.storyboard */ = {
			isa = PBXVariantGroup;
			children = (
				630BB0401B76F8E00071A0AA /* Base */,
			);
			name = Main.storyboard;
			sourceTree = "<group>";
		};
		630BB0441B76F8E00071A0AA /* LaunchScreen.xib */ = {
			isa = PBXVariantGroup;
			children = (
				630BB0451B76F8E00071A0AA /* Base */,
			);
			name = LaunchScreen.xib;
			sourceTree = "<group>";
		};
/* End PBXVariantGroup section */

/* Begin XCBuildConfiguration section */
		630BB0531B76F8E00071A0AA /* Debug */ = {
			isa = XCBuildConfiguration;
			buildSettings = {
				ALWAYS_SEARCH_USER_PATHS = NO;
				CLANG_CXX_LANGUAGE_STANDARD = "gnu++0x";
				CLANG_CXX_LIBRARY = "libc++";
				CLANG_ENABLE_MODULES = YES;
				CLANG_ENABLE_OBJC_ARC = YES;
				CLANG_WARN_BOOL_CONVERSION = YES;
				CLANG_WARN_CONSTANT_CONVERSION = YES;
				CLANG_WARN_DIRECT_OBJC_ISA_USAGE = YES_ERROR;
				CLANG_WARN_EMPTY_BODY = YES;
				CLANG_WARN_ENUM_CONVERSION = YES;
				CLANG_WARN_INT_CONVERSION = YES;
				CLANG_WARN_OBJC_ROOT_CLASS = YES_ERROR;
				CLANG_WARN_UNREACHABLE_CODE = YES;
				CLANG_WARN__DUPLICATE_METHOD_MATCH = YES;
				"CODE_SIGN_IDENTITY[sdk=iphoneos*]" = "iPhone Developer";
				COPY_PHASE_STRIP = NO;
				DEBUG_INFORMATION_FORMAT = "dwarf-with-dsym";
				ENABLE_STRICT_OBJC_MSGSEND = YES;
				GCC_C_LANGUAGE_STANDARD = gnu99;
				GCC_DYNAMIC_NO_PIC = NO;
				GCC_NO_COMMON_BLOCKS = YES;
				GCC_OPTIMIZATION_LEVEL = 0;
				GCC_PREPROCESSOR_DEFINITIONS = (
					"DEBUG=1",
					"$(inherited)",
				);
				GCC_SYMBOLS_PRIVATE_EXTERN = NO;
				GCC_WARN_64_TO_32_BIT_CONVERSION = YES;
				GCC_WARN_ABOUT_RETURN_TYPE = YES_ERROR;
				GCC_WARN_UNDECLARED_SELECTOR = YES;
				GCC_WARN_UNINITIALIZED_AUTOS = YES_AGGRESSIVE;
				GCC_WARN_UNUSED_FUNCTION = YES;
				GCC_WARN_UNUSED_VARIABLE = YES;
				IPHONEOS_DEPLOYMENT_TARGET = 8.3;
				MTL_ENABLE_DEBUG_INFO = YES;
				ONLY_ACTIVE_ARCH = YES;
				SDKROOT = iphoneos;
				TARGETED_DEVICE_FAMILY = "1,2";
			};
			name = Debug;
		};
		630BB0541B76F8E00071A0AA /* Release */ = {
			isa = XCBuildConfiguration;
			buildSettings = {
				ALWAYS_SEARCH_USER_PATHS = NO;
				CLANG_CXX_LANGUAGE_STANDARD = "gnu++0x";
				CLANG_CXX_LIBRARY = "libc++";
				CLANG_ENABLE_MODULES = YES;
				CLANG_ENABLE_OBJC_ARC = YES;
				CLANG_WARN_BOOL_CONVERSION = YES;
				CLANG_WARN_CONSTANT_CONVERSION = YES;
				CLANG_WARN_DIRECT_OBJC_ISA_USAGE = YES_ERROR;
				CLANG_WARN_EMPTY_BODY = YES;
				CLANG_WARN_ENUM_CONVERSION = YES;
				CLANG_WARN_INT_CONVERSION = YES;
				CLANG_WARN_OBJC_ROOT_CLASS = YES_ERROR;
				CLANG_WARN_UNREACHABLE_CODE = YES;
				CLANG_WARN__DUPLICATE_METHOD_MATCH = YES;
				"CODE_SIGN_IDENTITY[sdk=iphoneos*]" = "iPhone Developer";
				COPY_PHASE_STRIP = NO;
				DEBUG_INFORMATION_FORMAT = "dwarf-with-dsym";
				ENABLE_NS_ASSERTIONS = NO;
				ENABLE_STRICT_OBJC_MSGSEND = YES;
				GCC_C_LANGUAGE_STANDARD = gnu99;
				GCC_NO_COMMON_BLOCKS = YES;
				GCC_WARN_64_TO_32_BIT_CONVERSION = YES;
				GCC_WARN_ABOUT_RETURN_TYPE = YES_ERROR;
				GCC_WARN_UNDECLARED_SELECTOR = YES;
				GCC_WARN_UNINITIALIZED_AUTOS = YES_AGGRESSIVE;
				GCC_WARN_UNUSED_FUNCTION = YES;
				GCC_WARN_UNUSED_VARIABLE = YES;
				IPHONEOS_DEPLOYMENT_TARGET = 8.3;
				MTL_ENABLE_DEBUG_INFO = NO;
				SDKROOT = iphoneos;
				TARGETED_DEVICE_FAMILY = "1,2";
				VALIDATE_PRODUCT = YES;
			};
			name = Release;
		};
		630BB0561B76F8E00071A0AA /* Debug */ = {
			isa = XCBuildConfiguration;
			buildSettings = {
				ASSETCATALOG_COMPILER_APPICON_NAME = AppIcon;
				CODE_SIGN_IDENTITY = "iPhone Developer: quanlan huang (Q273WKP52R)";
				INFOPLIST_FILE = ToDoList/Info.plist;
				LD_RUNPATH_SEARCH_PATHS = "$(inherited) @executable_path/Frameworks";
				PRODUCT_NAME = "$(TARGET_NAME)";
				PROVISIONING_PROFILE = "55586909-be04-438c-8ea9-c77a9e3ace69";
			};
			name = Debug;
		};
		630BB0571B76F8E00071A0AA /* Release */ = {
			isa = XCBuildConfiguration;
			buildSettings = {
				ASSETCATALOG_COMPILER_APPICON_NAME = AppIcon;
				CODE_SIGN_IDENTITY = "iPhone Developer: quanlan huang (Q273WKP52R)";
				INFOPLIST_FILE = ToDoList/Info.plist;
				LD_RUNPATH_SEARCH_PATHS = "$(inherited) @executable_path/Frameworks";
				PRODUCT_NAME = "$(TARGET_NAME)";
				PROVISIONING_PROFILE = "55586909-be04-438c-8ea9-c77a9e3ace69";
			};
			name = Release;
		};
		630BB0591B76F8E00071A0AA /* Debug */ = {
			isa = XCBuildConfiguration;
			buildSettings = {
				BUNDLE_LOADER = "$(TEST_HOST)";
				FRAMEWORK_SEARCH_PATHS = (
					"$(SDKROOT)/Developer/Library/Frameworks",
					"$(inherited)",
				);
				GCC_PREPROCESSOR_DEFINITIONS = (
					"DEBUG=1",
					"$(inherited)",
				);
				INFOPLIST_FILE = ToDoListTests/Info.plist;
				LD_RUNPATH_SEARCH_PATHS = "$(inherited) @executable_path/Frameworks @loader_path/Frameworks";
				PRODUCT_NAME = "$(TARGET_NAME)";
				TEST_HOST = "$(BUILT_PRODUCTS_DIR)/ToDoList.app/ToDoList";
			};
			name = Debug;
		};
		630BB05A1B76F8E00071A0AA /* Release */ = {
			isa = XCBuildConfiguration;
			buildSettings = {
				BUNDLE_LOADER = "$(TEST_HOST)";
				FRAMEWORK_SEARCH_PATHS = (
					"$(SDKROOT)/Developer/Library/Frameworks",
					"$(inherited)",
				);
				INFOPLIST_FILE = ToDoListTests/Info.plist;
				LD_RUNPATH_SEARCH_PATHS = "$(inherited) @executable_path/Frameworks @loader_path/Frameworks";
				PRODUCT_NAME = "$(TARGET_NAME)";
				TEST_HOST = "$(BUILT_PRODUCTS_DIR)/ToDoList.app/ToDoList";
			};
			name = Release;
		};
/* End XCBuildConfiguration section */

/* Begin XCConfigurationList section */
		630BB02D1B76F8E00071A0AA /* Build configuration list for PBXProject "ToDoList" */ = {
			isa = XCConfigurationList;
			buildConfigurations = (
				630BB0531B76F8E00071A0AA /* Debug */,
				630BB0541B76F8E00071A0AA /* Release */,
			);
			defaultConfigurationIsVisible = 0;
			defaultConfigurationName = Release;
		};
		630BB0551B76F8E00071A0AA /* Build configuration list for PBXNativeTarget "ToDoList" */ = {
			isa = XCConfigurationList;
			buildConfigurations = (
				630BB0561B76F8E00071A0AA /* Debug */,
				630BB0571B76F8E00071A0AA /* Release */,
			);
			defaultConfigurationIsVisible = 0;
			defaultConfigurationName = Release;
		};
		630BB0581B76F8E00071A0AA /* Build configuration list for PBXNativeTarget "ToDoListTests" */ = {
			isa = XCConfigurationList;
			buildConfigurations = (
				630BB0591B76F8E00071A0AA /* Debug */,
				630BB05A1B76F8E00071A0AA /* Release */,
			);
			defaultConfigurationIsVisible = 0;
			defaultConfigurationName = Release;
		};
/* End XCConfigurationList section */
	};
	rootObject = 630BB02A1B76F8E00071A0AA /* Project object */;
}
